// !$*UTF8*$!
{
	archiveVersion = 1;
	classes = {
	};
	objectVersion = 48;
	objects = {

/* Begin PBXBuildFile section */
		6B10DD65264DBFCF00301D35 /* AppDelegate.swift in Sources */ = {isa = PBXBuildFile; fileRef = 6B10DD64264DBFCF00301D35 /* AppDelegate.swift */; };
		6B10DD67264DBFCF00301D35 /* ViewController.swift in Sources */ = {isa = PBXBuildFile; fileRef = 6B10DD66264DBFCF00301D35 /* ViewController.swift */; };
		6B10DD6A264DBFCF00301D35 /* Main.storyboard in Resources */ = {isa = PBXBuildFile; fileRef = 6B10DD68264DBFCF00301D35 /* Main.storyboard */; };
		6B10DD6C264DBFCF00301D35 /* Assets.xcassets in Resources */ = {isa = PBXBuildFile; fileRef = 6B10DD6B264DBFCF00301D35 /* Assets.xcassets */; };
		6B10DD6F264DBFCF00301D35 /* LaunchScreen.storyboard in Resources */ = {isa = PBXBuildFile; fileRef = 6B10DD6D264DBFCF00301D35 /* LaunchScreen.storyboard */; };
		6B10DD7A264DBFD000301D35 /* TestGitHUbTests.swift in Sources */ = {isa = PBXBuildFile; fileRef = 6B10DD79264DBFD000301D35 /* TestGitHUbTests.swift */; };
		6B10DD85264DBFD000301D35 /* TestGitHUbUITests.swift in Sources */ = {isa = PBXBuildFile; fileRef = 6B10DD84264DBFD000301D35 /* TestGitHUbUITests.swift */; };
/* End PBXBuildFile section */

/* Begin PBXContainerItemProxy section */
		6B10DD76264DBFD000301D35 /* PBXContainerItemProxy */ = {
			isa = PBXContainerItemProxy;
			containerPortal = 6B10DD59264DBFCF00301D35 /* Project object */;
			proxyType = 1;
			remoteGlobalIDString = 6B10DD60264DBFCF00301D35;
			remoteInfo = TestGitHUb;
		};
		6B10DD81264DBFD000301D35 /* PBXContainerItemProxy */ = {
			isa = PBXContainerItemProxy;
			containerPortal = 6B10DD59264DBFCF00301D35 /* Project object */;
			proxyType = 1;
			remoteGlobalIDString = 6B10DD60264DBFCF00301D35;
			remoteInfo = TestGitHUb;
		};
/* End PBXContainerItemProxy section */

/* Begin PBXFileReference section */
		6B10DD61264DBFCF00301D35 /* TestGitHUb.app */ = {isa = PBXFileReference; explicitFileType = wrapper.application; includeInIndex = 0; path = TestGitHUb.app; sourceTree = BUILT_PRODUCTS_DIR; };
		6B10DD64264DBFCF00301D35 /* AppDelegate.swift */ = {isa = PBXFileReference; lastKnownFileType = sourcecode.swift; path = AppDelegate.swift; sourceTree = "<group>"; };
		6B10DD66264DBFCF00301D35 /* ViewController.swift */ = {isa = PBXFileReference; lastKnownFileType = sourcecode.swift; path = ViewController.swift; sourceTree = "<group>"; };
		6B10DD69264DBFCF00301D35 /* Base */ = {isa = PBXFileReference; lastKnownFileType = file.storyboard; name = Base; path = Base.lproj/Main.storyboard; sourceTree = "<group>"; };
		6B10DD6B264DBFCF00301D35 /* Assets.xcassets */ = {isa = PBXFileReference; lastKnownFileType = folder.assetcatalog; path = Assets.xcassets; sourceTree = "<group>"; };
		6B10DD6E264DBFCF00301D35 /* Base */ = {isa = PBXFileReference; lastKnownFileType = file.storyboard; name = Base; path = Base.lproj/LaunchScreen.storyboard; sourceTree = "<group>"; };
		6B10DD70264DBFCF00301D35 /* Info.plist */ = {isa = PBXFileReference; lastKnownFileType = text.plist.xml; path = Info.plist; sourceTree = "<group>"; };
		6B10DD75264DBFD000301D35 /* TestGitHUbTests.xctest */ = {isa = PBXFileReference; explicitFileType = wrapper.cfbundle; includeInIndex = 0; path = TestGitHUbTests.xctest; sourceTree = BUILT_PRODUCTS_DIR; };
		6B10DD79264DBFD000301D35 /* TestGitHUbTests.swift */ = {isa = PBXFileReference; lastKnownFileType = sourcecode.swift; path = TestGitHUbTests.swift; sourceTree = "<group>"; };
		6B10DD7B264DBFD000301D35 /* Info.plist */ = {isa = PBXFileReference; lastKnownFileType = text.plist.xml; path = Info.plist; sourceTree = "<group>"; };
		6B10DD80264DBFD000301D35 /* TestGitHUbUITests.xctest */ = {isa = PBXFileReference; explicitFileType = wrapper.cfbundle; includeInIndex = 0; path = TestGitHUbUITests.xctest; sourceTree = BUILT_PRODUCTS_DIR; };
		6B10DD84264DBFD000301D35 /* TestGitHUbUITests.swift */ = {isa = PBXFileReference; lastKnownFileType = sourcecode.swift; path = TestGitHUbUITests.swift; sourceTree = "<group>"; };
		6B10DD86264DBFD000301D35 /* Info.plist */ = {isa = PBXFileReference; lastKnownFileType = text.plist.xml; path = Info.plist; sourceTree = "<group>"; };
/* End PBXFileReference section */

/* Begin PBXFrameworksBuildPhase section */
		6B10DD5E264DBFCF00301D35 /* Frameworks */ = {
			isa = PBXFrameworksBuildPhase;
			buildActionMask = 2147483647;
			files = (
			);
			runOnlyForDeploymentPostprocessing = 0;
		};
		6B10DD72264DBFD000301D35 /* Frameworks */ = {
			isa = PBXFrameworksBuildPhase;
			buildActionMask = 2147483647;
			files = (
			);
			runOnlyForDeploymentPostprocessing = 0;
		};
		6B10DD7D264DBFD000301D35 /* Frameworks */ = {
			isa = PBXFrameworksBuildPhase;
			buildActionMask = 2147483647;
			files = (
			);
			runOnlyForDeploymentPostprocessing = 0;
		};
/* End PBXFrameworksBuildPhase section */

/* Begin PBXGroup section */
		6B10DD58264DBFCF00301D35 = {
			isa = PBXGroup;
			children = (
				6B10DD63264DBFCF00301D35 /* TestGitHUb */,
				6B10DD78264DBFD000301D35 /* TestGitHUbTests */,
				6B10DD83264DBFD000301D35 /* TestGitHUbUITests */,
				6B10DD62264DBFCF00301D35 /* Products */,
			);
			sourceTree = "<group>";
		};
		6B10DD62264DBFCF00301D35 /* Products */ = {
			isa = PBXGroup;
			children = (
				6B10DD61264DBFCF00301D35 /* TestGitHUb.app */,
				6B10DD75264DBFD000301D35 /* TestGitHUbTests.xctest */,
				6B10DD80264DBFD000301D35 /* TestGitHUbUITests.xctest */,
			);
			name = Products;
			sourceTree = "<group>";
		};
		6B10DD63264DBFCF00301D35 /* TestGitHUb */ = {
			isa = PBXGroup;
			children = (
				6B10DD64264DBFCF00301D35 /* AppDelegate.swift */,
				6B10DD66264DBFCF00301D35 /* ViewController.swift */,
				6B10DD68264DBFCF00301D35 /* Main.storyboard */,
				6B10DD6B264DBFCF00301D35 /* Assets.xcassets */,
				6B10DD6D264DBFCF00301D35 /* LaunchScreen.storyboard */,
				6B10DD70264DBFCF00301D35 /* Info.plist */,
			);
			path = TestGitHUb;
			sourceTree = "<group>";
		};
		6B10DD78264DBFD000301D35 /* TestGitHUbTests */ = {
			isa = PBXGroup;
			children = (
				6B10DD79264DBFD000301D35 /* TestGitHUbTests.swift */,
				6B10DD7B264DBFD000301D35 /* Info.plist */,
			);
			path = TestGitHUbTests;
			sourceTree = "<group>";
		};
		6B10DD83264DBFD000301D35 /* TestGitHUbUITests */ = {
			isa = PBXGroup;
			children = (
				6B10DD84264DBFD000301D35 /* TestGitHUbUITests.swift */,
				6B10DD86264DBFD000301D35 /* Info.plist */,
			);
			path = TestGitHUbUITests;
			sourceTree = "<group>";
		};
/* End PBXGroup section */

/* Begin PBXNativeTarget section */
		6B10DD60264DBFCF00301D35 /* TestGitHUb */ = {
			isa = PBXNativeTarget;
			buildConfigurationList = 6B10DD89264DBFD000301D35 /* Build configuration list for PBXNativeTarget "TestGitHUb" */;
			buildPhases = (
				6B10DD5D264DBFCF00301D35 /* Sources */,
				6B10DD5E264DBFCF00301D35 /* Frameworks */,
				6B10DD5F264DBFCF00301D35 /* Resources */,
			);
			buildRules = (
			);
			dependencies = (
			);
			name = TestGitHUb;
			productName = TestGitHUb;
			productReference = 6B10DD61264DBFCF00301D35 /* TestGitHUb.app */;
			productType = "com.apple.product-type.application";
		};
		6B10DD74264DBFD000301D35 /* TestGitHUbTests */ = {
			isa = PBXNativeTarget;
			buildConfigurationList = 6B10DD8C264DBFD000301D35 /* Build configuration list for PBXNativeTarget "TestGitHUbTests" */;
			buildPhases = (
				6B10DD71264DBFD000301D35 /* Sources */,
				6B10DD72264DBFD000301D35 /* Frameworks */,
				6B10DD73264DBFD000301D35 /* Resources */,
			);
			buildRules = (
			);
			dependencies = (
				6B10DD77264DBFD000301D35 /* PBXTargetDependency */,
			);
			name = TestGitHUbTests;
			productName = TestGitHUbTests;
			productReference = 6B10DD75264DBFD000301D35 /* TestGitHUbTests.xctest */;
			productType = "com.apple.product-type.bundle.unit-test";
		};
		6B10DD7F264DBFD000301D35 /* TestGitHUbUITests */ = {
			isa = PBXNativeTarget;
			buildConfigurationList = 6B10DD8F264DBFD000301D35 /* Build configuration list for PBXNativeTarget "TestGitHUbUITests" */;
			buildPhases = (
				6B10DD7C264DBFD000301D35 /* Sources */,
				6B10DD7D264DBFD000301D35 /* Frameworks */,
				6B10DD7E264DBFD000301D35 /* Resources */,
			);
			buildRules = (
			);
			dependencies = (
				6B10DD82264DBFD000301D35 /* PBXTargetDependency */,
			);
			name = TestGitHUbUITests;
			productName = TestGitHUbUITests;
			productReference = 6B10DD80264DBFD000301D35 /* TestGitHUbUITests.xctest */;
			productType = "com.apple.product-type.bundle.ui-testing";
		};
/* End PBXNativeTarget section */

/* Begin PBXProject section */
		6B10DD59264DBFCF00301D35 /* Project object */ = {
			isa = PBXProject;
			attributes = {
				LastSwiftUpdateCheck = 0920;
				LastUpgradeCheck = 0920;
				ORGANIZATIONNAME = "Manpreet Singh";
				TargetAttributes = {
					6B10DD60264DBFCF00301D35 = {
						CreatedOnToolsVersion = 9.2;
						ProvisioningStyle = Automatic;
					};
					6B10DD74264DBFD000301D35 = {
						CreatedOnToolsVersion = 9.2;
						ProvisioningStyle = Automatic;
						TestTargetID = 6B10DD60264DBFCF00301D35;
					};
					6B10DD7F264DBFD000301D35 = {
						CreatedOnToolsVersion = 9.2;
						ProvisioningStyle = Automatic;
						TestTargetID = 6B10DD60264DBFCF00301D35;
					};
				};
			};
			buildConfigurationList = 6B10DD5C264DBFCF00301D35 /* Build configuration list for PBXProject "TestGitHUb" */;
			compatibilityVersion = "Xcode 8.0";
			developmentRegion = en;
			hasScannedForEncodings = 0;
			knownRegions = (
				en,
				Base,
			);
			mainGroup = 6B10DD58264DBFCF00301D35;
			productRefGroup = 6B10DD62264DBFCF00301D35 /* Products */;
			projectDirPath = "";
			projectRoot = "";
			targets = (
				6B10DD60264DBFCF00301D35 /* TestGitHUb */,
				6B10DD74264DBFD000301D35 /* TestGitHUbTests */,
				6B10DD7F264DBFD000301D35 /* TestGitHUbUITests */,
			);
		};
/* End PBXProject section */

/* Begin PBXResourcesBuildPhase section */
		6B10DD5F264DBFCF00301D35 /* Resources */ = {
			isa = PBXResourcesBuildPhase;
			buildActionMask = 2147483647;
			files = (
				6B10DD6F264DBFCF00301D35 /* LaunchScreen.storyboard in Resources */,
				6B10DD6C264DBFCF00301D35 /* Assets.xcassets in Resources */,
				6B10DD6A264DBFCF00301D35 /* Main.storyboard in Resources */,
			);
			runOnlyForDeploymentPostprocessing = 0;
		};
		6B10DD73264DBFD000301D35 /* Resources */ = {
			isa = PBXResourcesBuildPhase;
			buildActionMask = 2147483647;
			files = (
			);
			runOnlyForDeploymentPostprocessing = 0;
		};
		6B10DD7E264DBFD000301D35 /* Resources */ = {
			isa = PBXResourcesBuildPhase;
			buildActionMask = 2147483647;
			files = (
			);
			runOnlyForDeploymentPostprocessing = 0;
		};
/* End PBXResourcesBuildPhase section */

/* Begin PBXSourcesBuildPhase section */
		6B10DD5D264DBFCF00301D35 /* Sources */ = {
			isa = PBXSourcesBuildPhase;
			buildActionMask = 2147483647;
			files = (
				6B10DD67264DBFCF00301D35 /* ViewController.swift in Sources */,
				6B10DD65264DBFCF00301D35 /* AppDelegate.swift in Sources */,
			);
			runOnlyForDeploymentPostprocessing = 0;
		};
		6B10DD71264DBFD000301D35 /* Sources */ = {
			isa = PBXSourcesBuildPhase;
			buildActionMask = 2147483647;
			files = (
				6B10DD7A264DBFD000301D35 /* TestGitHUbTests.swift in Sources */,
			);
			runOnlyForDeploymentPostprocessing = 0;
		};
		6B10DD7C264DBFD000301D35 /* Sources */ = {
			isa = PBXSourcesBuildPhase;
			buildActionMask = 2147483647;
			files = (
				6B10DD85264DBFD000301D35 /* TestGitHUbUITests.swift in Sources */,
			);
			runOnlyForDeploymentPostprocessing = 0;
		};
/* End PBXSourcesBuildPhase section */

/* Begin PBXTargetDependency section */
		6B10DD77264DBFD000301D35 /* PBXTargetDependency */ = {
			isa = PBXTargetDependency;
			target = 6B10DD60264DBFCF00301D35 /* TestGitHUb */;
			targetProxy = 6B10DD76264DBFD000301D35 /* PBXContainerItemProxy */;
		};
		6B10DD82264DBFD000301D35 /* PBXTargetDependency */ = {
			isa = PBXTargetDependency;
			target = 6B10DD60264DBFCF00301D35 /* TestGitHUb */;
			targetProxy = 6B10DD81264DBFD000301D35 /* PBXContainerItemProxy */;
		};
/* End PBXTargetDependency section */

/* Begin PBXVariantGroup section */
		6B10DD68264DBFCF00301D35 /* Main.storyboard */ = {
			isa = PBXVariantGroup;
			children = (
				6B10DD69264DBFCF00301D35 /* Base */,
			);
			name = Main.storyboard;
			sourceTree = "<group>";
		};
		6B10DD6D264DBFCF00301D35 /* LaunchScreen.storyboard */ = {
			isa = PBXVariantGroup;
			children = (
				6B10DD6E264DBFCF00301D35 /* Base */,
			);
			name = LaunchScreen.storyboard;
			sourceTree = "<group>";
		};
/* End PBXVariantGroup section */

/* Begin XCBuildConfiguration section */
		6B10DD87264DBFD000301D35 /* Debug */ = {
			isa = XCBuildConfiguration;
			buildSettings = {
				ALWAYS_SEARCH_USER_PATHS = NO;
				CLANG_ANALYZER_NONNULL = YES;
				CLANG_ANALYZER_NUMBER_OBJECT_CONVERSION = YES_AGGRESSIVE;
				CLANG_CXX_LANGUAGE_STANDARD = "gnu++14";
				CLANG_CXX_LIBRARY = "libc++";
				CLANG_ENABLE_MODULES = YES;
				CLANG_ENABLE_OBJC_ARC = YES;
				CLANG_WARN_BLOCK_CAPTURE_AUTORELEASING = YES;
				CLANG_WARN_BOOL_CONVERSION = YES;
				CLANG_WARN_COMMA = YES;
				CLANG_WARN_CONSTANT_CONVERSION = YES;
				CLANG_WARN_DIRECT_OBJC_ISA_USAGE = YES_ERROR;
				CLANG_WARN_DOCUMENTATION_COMMENTS = YES;
				CLANG_WARN_EMPTY_BODY = YES;
				CLANG_WARN_ENUM_CONVERSION = YES;
				CLANG_WARN_INFINITE_RECURSION = YES;
				CLANG_WARN_INT_CONVERSION = YES;
				CLANG_WARN_NON_LITERAL_NULL_CONVERSION = YES;
				CLANG_WARN_OBJC_LITERAL_CONVERSION = YES;
				CLANG_WARN_OBJC_ROOT_CLASS = YES_ERROR;
				CLANG_WARN_RANGE_LOOP_ANALYSIS = YES;
				CLANG_WARN_STRICT_PROTOTYPES = YES;
				CLANG_WARN_SUSPICIOUS_MOVE = YES;
				CLANG_WARN_UNGUARDED_AVAILABILITY = YES_AGGRESSIVE;
				CLANG_WARN_UNREACHABLE_CODE = YES;
				CLANG_WARN__DUPLICATE_METHOD_MATCH = YES;
				CODE_SIGN_IDENTITY = "iPhone Developer";
				COPY_PHASE_STRIP = NO;
				DEBUG_INFORMATION_FORMAT = dwarf;
				ENABLE_STRICT_OBJC_MSGSEND = YES;
				ENABLE_TESTABILITY = YES;
				GCC_C_LANGUAGE_STANDARD = gnu11;
				GCC_DYNAMIC_NO_PIC = NO;
				GCC_NO_COMMON_BLOCKS = YES;
				GCC_OPTIMIZATION_LEVEL = 0;
				GCC_PREPROCESSOR_DEFINITIONS = (
					"DEBUG=1",
					"$(inherited)",
				);
				GCC_WARN_64_TO_32_BIT_CONVERSION = YES;
				GCC_WARN_ABOUT_RETURN_TYPE = YES_ERROR;
				GCC_WARN_UNDECLARED_SELECTOR = YES;
				GCC_WARN_UNINITIALIZED_AUTOS = YES_AGGRESSIVE;
				GCC_WARN_UNUSED_FUNCTION = YES;
				GCC_WARN_UNUSED_VARIABLE = YES;
				IPHONEOS_DEPLOYMENT_TARGET = 11.2;
				MTL_ENABLE_DEBUG_INFO = YES;
				ONLY_ACTIVE_ARCH = YES;
				SDKROOT = iphoneos;
				SWIFT_ACTIVE_COMPILATION_CONDITIONS = DEBUG;
				SWIFT_OPTIMIZATION_LEVEL = "-Onone";
			};
			name = Debug;
		};
		6B10DD88264DBFD000301D35 /* Release */ = {
			isa = XCBuildConfiguration;
			buildSettings = {
				ALWAYS_SEARCH_USER_PATHS = NO;
				CLANG_ANALYZER_NONNULL = YES;
				CLANG_ANALYZER_NUMBER_OBJECT_CONVERSION = YES_AGGRESSIVE;
				CLANG_CXX_LANGUAGE_STANDARD = "gnu++14";
				CLANG_CXX_LIBRARY = "libc++";
				CLANG_ENABLE_MODULES = YES;
				CLANG_ENABLE_OBJC_ARC = YES;
				CLANG_WARN_BLOCK_CAPTURE_AUTORELEASING = YES;
				CLANG_WARN_BOOL_CONVERSION = YES;
				CLANG_WARN_COMMA = YES;
				CLANG_WARN_CONSTANT_CONVERSION = YES;
				CLANG_WARN_DIRECT_OBJC_ISA_USAGE = YES_ERROR;
				CLANG_WARN_DOCUMENTATION_COMMENTS = YES;
				CLANG_WARN_EMPTY_BODY = YES;
				CLANG_WARN_ENUM_CONVERSION = YES;
				CLANG_WARN_INFINITE_RECURSION = YES;
				CLANG_WARN_INT_CONVERSION = YES;
				CLANG_WARN_NON_LITERAL_NULL_CONVERSION = YES;
				CLANG_WARN_OBJC_LITERAL_CONVERSION = YES;
				CLANG_WARN_OBJC_ROOT_CLASS = YES_ERROR;
				CLANG_WARN_RANGE_LOOP_ANALYSIS = YES;
				CLANG_WARN_STRICT_PROTOTYPES = YES;
				CLANG_WARN_SUSPICIOUS_MOVE = YES;
				CLANG_WARN_UNGUARDED_AVAILABILITY = YES_AGGRESSIVE;
				CLANG_WARN_UNREACHABLE_CODE = YES;
				CLANG_WARN__DUPLICATE_METHOD_MATCH = YES;
				CODE_SIGN_IDENTITY = "iPhone Developer";
				COPY_PHASE_STRIP = NO;
				DEBUG_INFORMATION_FORMAT = "dwarf-with-dsym";
				ENABLE_NS_ASSERTIONS = NO;
				ENABLE_STRICT_OBJC_MSGSEND = YES;
				GCC_C_LANGUAGE_STANDARD = gnu11;
				GCC_NO_COMMON_BLOCKS = YES;
				GCC_WARN_64_TO_32_BIT_CONVERSION = YES;
				GCC_WARN_ABOUT_RETURN_TYPE = YES_ERROR;
				GCC_WARN_UNDECLARED_SELECTOR = YES;
				GCC_WARN_UNINITIALIZED_AUTOS = YES_AGGRESSIVE;
				GCC_WARN_UNUSED_FUNCTION = YES;
				GCC_WARN_UNUSED_VARIABLE = YES;
				IPHONEOS_DEPLOYMENT_TARGET = 11.2;
				MTL_ENABLE_DEBUG_INFO = NO;
				SDKROOT = iphoneos;
				SWIFT_OPTIMIZATION_LEVEL = "-Owholemodule";
				VALIDATE_PRODUCT = YES;
			};
			name = Release;
		};
		6B10DD8A264DBFD000301D35 /* Debug */ = {
			isa = XCBuildConfiguration;
			buildSettings = {
				ASSETCATALOG_COMPILER_APPICON_NAME = AppIcon;
				CODE_SIGN_STYLE = Automatic;
				INFOPLIST_FILE = TestGitHUb/Info.plist;
				LD_RUNPATH_SEARCH_PATHS = "$(inherited) @executable_path/Frameworks";
				PRODUCT_BUNDLE_IDENTIFIER = com.TestGitHUb;
				PRODUCT_NAME = "$(TARGET_NAME)";
				SWIFT_VERSION = 4.0;
				TARGETED_DEVICE_FAMILY = "1,2";
			};
			name = Debug;
		};
		6B10DD8B264DBFD000301D35 /* Release */ = {
			isa = XCBuildConfiguration;
			buildSettings = {
				ASSETCATALOG_COMPILER_APPICON_NAME = AppIcon;
				CODE_SIGN_STYLE = Automatic;
				INFOPLIST_FILE = TestGitHUb/Info.plist;
				LD_RUNPATH_SEARCH_PATHS = "$(inherited) @executable_path/Frameworks";
				PRODUCT_BUNDLE_IDENTIFIER = com.TestGitHUb;
				PRODUCT_NAME = "$(TARGET_NAME)";
				SWIFT_VERSION = 4.0;
				TARGETED_DEVICE_FAMILY = "1,2";
			};
			name = Release;
		};
		6B10DD8D264DBFD000301D35 /* Debug */ = {
			isa = XCBuildConfiguration;
			buildSettings = {
				ALWAYS_EMBED_SWIFT_STANDARD_LIBRARIES = YES;
				BUNDLE_LOADER = "$(TEST_HOST)";
				CODE_SIGN_STYLE = Automatic;
				INFOPLIST_FILE = TestGitHUbTests/Info.plist;
				LD_RUNPATH_SEARCH_PATHS = "$(inherited) @executable_path/Frameworks @loader_path/Frameworks";
				PRODUCT_BUNDLE_IDENTIFIER = com.TestGitHUbTests;
				PRODUCT_NAME = "$(TARGET_NAME)";
				SWIFT_VERSION = 4.0;
				TARGETED_DEVICE_FAMILY = "1,2";
				TEST_HOST = "$(BUILT_PRODUCTS_DIR)/TestGitHUb.app/TestGitHUb";
			};
			name = Debug;
		};
		6B10DD8E264DBFD000301D35 /* Release */ = {
			isa = XCBuildConfiguration;
			buildSettings = {
				ALWAYS_EMBED_SWIFT_STANDARD_LIBRARIES = YES;
				BUNDLE_LOADER = "$(TEST_HOST)";
				CODE_SIGN_STYLE = Automatic;
				INFOPLIST_FILE = TestGitHUbTests/Info.plist;
				LD_RUNPATH_SEARCH_PATHS = "$(inherited) @executable_path/Frameworks @loader_path/Frameworks";
				PRODUCT_BUNDLE_IDENTIFIER = com.TestGitHUbTests;
				PRODUCT_NAME = "$(TARGET_NAME)";
				SWIFT_VERSION = 4.0;
				TARGETED_DEVICE_FAMILY = "1,2";
				TEST_HOST = "$(BUILT_PRODUCTS_DIR)/TestGitHUb.app/TestGitHUb";
			};
			name = Release;
		};
		6B10DD90264DBFD000301D35 /* Debug */ = {
			isa = XCBuildConfiguration;
			buildSettings = {
				ALWAYS_EMBED_SWIFT_STANDARD_LIBRARIES = YES;
				CODE_SIGN_STYLE = Automatic;
				INFOPLIST_FILE = TestGitHUbUITests/Info.plist;
				LD_RUNPATH_SEARCH_PATHS = "$(inherited) @executable_path/Frameworks @loader_path/Frameworks";
				PRODUCT_BUNDLE_IDENTIFIER = com.TestGitHUbUITests;
				PRODUCT_NAME = "$(TARGET_NAME)";
				SWIFT_VERSION = 4.0;
				TARGETED_DEVICE_FAMILY = "1,2";
				TEST_TARGET_NAME = TestGitHUb;
			};
			name = Debug;
		};
		6B10DD91264DBFD000301D35 /* Release */ = {
			isa = XCBuildConfiguration;
			buildSettings = {
				ALWAYS_EMBED_SWIFT_STANDARD_LIBRARIES = YES;
				CODE_SIGN_STYLE = Automatic;
				INFOPLIST_FILE = TestGitHUbUITests/Info.plist;
				LD_RUNPATH_SEARCH_PATHS = "$(inherited) @executable_path/Frameworks @loader_path/Frameworks";
				PRODUCT_BUNDLE_IDENTIFIER = com.TestGitHUbUITests;
				PRODUCT_NAME = "$(TARGET_NAME)";
				SWIFT_VERSION = 4.0;
				TARGETED_DEVICE_FAMILY = "1,2";
				TEST_TARGET_NAME = TestGitHUb;
			};
			name = Release;
		};
/* End XCBuildConfiguration section */

/* Begin XCConfigurationList section */
		6B10DD5C264DBFCF00301D35 /* Build configuration list for PBXProject "TestGitHUb" */ = {
			isa = XCConfigurationList;
			buildConfigurations = (
				6B10DD87264DBFD000301D35 /* Debug */,
				6B10DD88264DBFD000301D35 /* Release */,
			);
			defaultConfigurationIsVisible = 0;
			defaultConfigurationName = Release;
		};
		6B10DD89264DBFD000301D35 /* Build configuration list for PBXNativeTarget "TestGitHUb" */ = {
			isa = XCConfigurationList;
			buildConfigurations = (
				6B10DD8A264DBFD000301D35 /* Debug */,
				6B10DD8B264DBFD000301D35 /* Release */,
			);
			defaultConfigurationIsVisible = 0;
			defaultConfigurationName = Release;
		};
		6B10DD8C264DBFD000301D35 /* Build configuration list for PBXNativeTarget "TestGitHUbTests" */ = {
			isa = XCConfigurationList;
			buildConfigurations = (
				6B10DD8D264DBFD000301D35 /* Debug */,
				6B10DD8E264DBFD000301D35 /* Release */,
			);
			defaultConfigurationIsVisible = 0;
			defaultConfigurationName = Release;
		};
		6B10DD8F264DBFD000301D35 /* Build configuration list for PBXNativeTarget "TestGitHUbUITests" */ = {
			isa = XCConfigurationList;
			buildConfigurations = (
				6B10DD90264DBFD000301D35 /* Debug */,
				6B10DD91264DBFD000301D35 /* Release */,
			);
			defaultConfigurationIsVisible = 0;
			defaultConfigurationName = Release;
		};
/* End XCConfigurationList section */
	};
	rootObject = 6B10DD59264DBFCF00301D35 /* Project object */;
}
